
Microsoft Visual Studio Solution File, Format Version 12.00
# Visual Studio Version 17
VisualStudioVersion = 17.1.32228.430
MinimumVisualStudioVersion = 10.0.40219.1
Project("{FAE04EC0-301F-11D3-BF4B-00C04F79EFBC}") = "StudentApp", "StudentApp\StudentApp.csproj", "{9B6A5317-F25F-4025-82DC-E55884221B98}"
EndProject
Global
	GlobalSection(SolutionConfigurationPlatforms) = preSolution
		Debug|Any CPU = Debug|Any CPU
		Release|Any CPU = Release|Any CPU
	EndGlobalSection
	GlobalSection(ProjectConfigurationPlatforms) = postSolution
		{9B6A5317-F25F-4025-82DC-E55884221B98}.Debug|Any CPU.ActiveCfg = Debug|Any CPU
		{9B6A5317-F25F-4025-82DC-E55884221B98}.Debug|Any CPU.Build.0 = Debug|Any CPU
		{9B6A5317-F25F-4025-82DC-E55884221B98}.Release|Any CPU.ActiveCfg = Release|Any CPU
		{9B6A5317-F25F-4025-82DC-E55884221B98}.Release|Any CPU.Build.0 = Release|Any CPU
	EndGlobalSection
	GlobalSection(SolutionProperties) = preSolution
		HideSolutionNode = FALSE
	EndGlobalSection
	GlobalSection(ExtensibilityGlobals) = postSolution
		SolutionGuid = {BD950A4B-5814-488C-9CB3-9247C307F3C0}
	EndGlobalSection
EndGlobal
